
Microsoft Visual Studio Solution File, Format Version 12.00
# Visual Studio 15
VisualStudioVersion = 15.0.27130.2010
MinimumVisualStudioVersion = 10.0.40219.1
Project("{FAE04EC0-301F-11D3-BF4B-00C04F79EFBC}") = "VPShelter", "VPShelter\VPShelter.csproj", "{DEF9C51F-7E6B-4E1C-B46E-F97816395ECA}"
EndProject
Global
	GlobalSection(SolutionConfigurationPlatforms) = preSolution
		Debug|Any CPU = Debug|Any CPU
		Release|Any CPU = Release|Any CPU
	EndGlobalSection
	GlobalSection(ProjectConfigurationPlatforms) = postSolution
		{DEF9C51F-7E6B-4E1C-B46E-F97816395ECA}.Debug|Any CPU.ActiveCfg = Debug|Any CPU
		{DEF9C51F-7E6B-4E1C-B46E-F97816395ECA}.Debug|Any CPU.Build.0 = Debug|Any CPU
		{DEF9C51F-7E6B-4E1C-B46E-F97816395ECA}.Release|Any CPU.ActiveCfg = Release|Any CPU
		{DEF9C51F-7E6B-4E1C-B46E-F97816395ECA}.Release|Any CPU.Build.0 = Release|Any CPU
	EndGlobalSection
	GlobalSection(SolutionProperties) = preSolution
		HideSolutionNode = FALSE
	EndGlobalSection
	GlobalSection(ExtensibilityGlobals) = postSolution
		SolutionGuid = {636833DE-1025-4161-B8D4-95B1848208BC}
	EndGlobalSection
EndGlobal
